
Microsoft Visual Studio Solution File, Format Version 12.00
Project("{FAE04EC0-301F-11D3-BF4B-00C04F79EFBC}") = "9.3_Introduce_Null_Object", "9.3_Introduce_Null_Object\9.3_Introduce_Null_Object.csproj", "{4A434E57-71CF-4428-B733-6FA4B7C8DD29}"
EndProject
Global
	GlobalSection(SolutionConfigurationPlatforms) = preSolution
		Debug|Any CPU = Debug|Any CPU
		Release|Any CPU = Release|Any CPU
	EndGlobalSection
	GlobalSection(ProjectConfigurationPlatforms) = postSolution
		{4A434E57-71CF-4428-B733-6FA4B7C8DD29}.Debug|Any CPU.ActiveCfg = Debug|Any CPU
		{4A434E57-71CF-4428-B733-6FA4B7C8DD29}.Debug|Any CPU.Build.0 = Debug|Any CPU
		{4A434E57-71CF-4428-B733-6FA4B7C8DD29}.Release|Any CPU.ActiveCfg = Release|Any CPU
		{4A434E57-71CF-4428-B733-6FA4B7C8DD29}.Release|Any CPU.Build.0 = Release|Any CPU
	EndGlobalSection
EndGlobal
